
Microsoft Visual Studio Solution File, Format Version 12.00
# Visual Studio Version 16
VisualStudioVersion = 16.0.29806.167
MinimumVisualStudioVersion = 10.0.40219.1
Project("{FAE04EC0-301F-11D3-BF4B-00C04F79EFBC}") = "VendingMachineKata.ConsoleApp", "VendingMachineKata.Console\VendingMachineKata.ConsoleApp.csproj", "{26F09014-2806-4CC2-BF0A-E722BC6736B9}"
EndProject
Project("{FAE04EC0-301F-11D3-BF4B-00C04F79EFBC}") = "VendingMachineKata.Console.Tests", "VendingMachineKata.Console.Tests\VendingMachineKata.Console.Tests.csproj", "{12FFAD78-4F5A-43FA-A378-E540DD1E7E6A}"
EndProject
Project("{FAE04EC0-301F-11D3-BF4B-00C04F79EFBC}") = "VendingMachineKata.Tests", "VendingMachineKata.Tests\VendingMachineKata.Tests.csproj", "{99DCFF7F-68BF-4F88-98E0-B2BFB504AB90}"
EndProject
Project("{FAE04EC0-301F-11D3-BF4B-00C04F79EFBC}") = "VendingMachineKata", "VendingMachineKata\VendingMachineKata.csproj", "{C3F73A72-445A-4AE6-9CEF-7E241EF8AEA3}"
EndProject
Project("{2150E333-8FDC-42A3-9474-1A3956D46DE8}") = "Tests", "Tests", "{94AC6077-C864-453E-AB06-A10EC955CE11}"
EndProject
Global
	GlobalSection(SolutionConfigurationPlatforms) = preSolution
		Debug|Any CPU = Debug|Any CPU
		Release|Any CPU = Release|Any CPU
	EndGlobalSection
	GlobalSection(ProjectConfigurationPlatforms) = postSolution
		{26F09014-2806-4CC2-BF0A-E722BC6736B9}.Debug|Any CPU.ActiveCfg = Debug|Any CPU
		{26F09014-2806-4CC2-BF0A-E722BC6736B9}.Debug|Any CPU.Build.0 = Debug|Any CPU
		{26F09014-2806-4CC2-BF0A-E722BC6736B9}.Release|Any CPU.ActiveCfg = Release|Any CPU
		{26F09014-2806-4CC2-BF0A-E722BC6736B9}.Release|Any CPU.Build.0 = Release|Any CPU
		{12FFAD78-4F5A-43FA-A378-E540DD1E7E6A}.Debug|Any CPU.ActiveCfg = Debug|Any CPU
		{12FFAD78-4F5A-43FA-A378-E540DD1E7E6A}.Debug|Any CPU.Build.0 = Debug|Any CPU
		{12FFAD78-4F5A-43FA-A378-E540DD1E7E6A}.Release|Any CPU.ActiveCfg = Release|Any CPU
		{12FFAD78-4F5A-43FA-A378-E540DD1E7E6A}.Release|Any CPU.Build.0 = Release|Any CPU
		{99DCFF7F-68BF-4F88-98E0-B2BFB504AB90}.Debug|Any CPU.ActiveCfg = Debug|Any CPU
		{99DCFF7F-68BF-4F88-98E0-B2BFB504AB90}.Debug|Any CPU.Build.0 = Debug|Any CPU
		{99DCFF7F-68BF-4F88-98E0-B2BFB504AB90}.Release|Any CPU.ActiveCfg = Release|Any CPU
		{99DCFF7F-68BF-4F88-98E0-B2BFB504AB90}.Release|Any CPU.Build.0 = Release|Any CPU
		{C3F73A72-445A-4AE6-9CEF-7E241EF8AEA3}.Debug|Any CPU.ActiveCfg = Debug|Any CPU
		{C3F73A72-445A-4AE6-9CEF-7E241EF8AEA3}.Debug|Any CPU.Build.0 = Debug|Any CPU
		{C3F73A72-445A-4AE6-9CEF-7E241EF8AEA3}.Release|Any CPU.ActiveCfg = Release|Any CPU
		{C3F73A72-445A-4AE6-9CEF-7E241EF8AEA3}.Release|Any CPU.Build.0 = Release|Any CPU
	EndGlobalSection
	GlobalSection(SolutionProperties) = preSolution
		HideSolutionNode = FALSE
	EndGlobalSection
	GlobalSection(NestedProjects) = preSolution
		{12FFAD78-4F5A-43FA-A378-E540DD1E7E6A} = {94AC6077-C864-453E-AB06-A10EC955CE11}
		{99DCFF7F-68BF-4F88-98E0-B2BFB504AB90} = {94AC6077-C864-453E-AB06-A10EC955CE11}
	EndGlobalSection
	GlobalSection(ExtensibilityGlobals) = postSolution
		SolutionGuid = {EAF72519-6A68-4483-8AD1-58F893F73C19}
	EndGlobalSection
EndGlobal
